
Microsoft Visual Studio Solution File, Format Version 12.00
# Visual Studio 15
VisualStudioVersion = 15.0.27130.2010
MinimumVisualStudioVersion = 10.0.40219.1
Project("{9A19103F-16F7-4668-BE54-9A1E7A4F7556}") = "Resources", "src\Resources\Resources\Resources.csproj", "{4684DCDC-87A3-41D1-81C4-0D709FA3DFC2}"
EndProject
Project("{E53339B2-1760-4266-BCC7-CA923CBCF16C}") = "docker-compose", "docker-compose.dcproj", "{E9985D35-F5EF-40E6-BB00-20C12F649437}"
EndProject
Project("{2150E333-8FDC-42A3-9474-1A3956D46DE8}") = "Solution Items", "Solution Items", "{D5BF4C20-DBE2-4019-B70D-E1D6AC26B71A}"
	ProjectSection(SolutionItems) = preProject
		.gitattributes = .gitattributes
		.gitignore = .gitignore
		README.md = README.md
	EndProjectSection
EndProject
Project("{2150E333-8FDC-42A3-9474-1A3956D46DE8}") = "src", "src", "{33A08341-664D-4896-BABB-582C40FBD717}"
EndProject
Project("{2150E333-8FDC-42A3-9474-1A3956D46DE8}") = "test", "test", "{9516066E-A4A0-432D-BBAC-1F906FA32668}"
EndProject
Project("{9A19103F-16F7-4668-BE54-9A1E7A4F7556}") = "AppPodCloud.Test", "test\AppPodCloud.Test\AppPodCloud.Test.csproj", "{4927736C-0179-4710-A302-93CDBF42619A}"
EndProject
Project("{9A19103F-16F7-4668-BE54-9A1E7A4F7556}") = "AppPodCloud.E2ETest", "test\AppPodCloud.E2ETest\AppPodCloud.E2ETest.csproj", "{1BBD5792-2099-4570-BB9E-C085758F9DAB}"
EndProject
Project("{FAE04EC0-301F-11D3-BF4B-00C04F79EFBC}") = "TopSdk", "src\TopSDK\TopSdk.csproj", "{9C11CAE5-5188-4E71-825B-68FC3135728A}"
EndProject
Project("{9A19103F-16F7-4668-BE54-9A1E7A4F7556}") = "ExternalSyncModel", "src\ExternalSyncModel\ExternalSyncModel.csproj", "{7161BAD8-BB9F-4CA5-893D-66939E594AB9}"
EndProject
Project("{FAE04EC0-301F-11D3-BF4B-00C04F79EFBC}") = "SIAPM.MESWinform", "src\SIAPMCos.MESWinform\SIAPM.MESWinform.csproj", "{2BD556C8-B7DD-44EE-8BE3-7A4786A8B1EC}"
EndProject
Project("{FAE04EC0-301F-11D3-BF4B-00C04F79EFBC}") = "LicenseManager", "src\LicenseManager\LicenseManager.csproj", "{3A4F4365-6236-4E93-A6C4-4CDB641BA7F4}"
EndProject
Project("{FAE04EC0-301F-11D3-BF4B-00C04F79EFBC}") = "SIAPM.ProduceController", "src\SIAPMCos.Controller\SIAPM.ProduceController.csproj", "{C5E013AA-A7A2-43DD-99A8-05B77AD4BA31}"
EndProject
Project("{9A19103F-16F7-4668-BE54-9A1E7A4F7556}") = "Secs4Net", "src\Secs4Net\Secs4Net.csproj", "{2656C1EB-3C0A-49C2-9939-E6AF1EE0D779}"
EndProject
Project("{9A19103F-16F7-4668-BE54-9A1E7A4F7556}") = "Secs4Net.Json", "src\Extension\Serialization.Json\Secs4Net.Json.csproj", "{59051814-2815-47E0-80D0-2EF740C3B65F}"
EndProject
Project("{9A19103F-16F7-4668-BE54-9A1E7A4F7556}") = "Secs4Net.Sml", "src\Extension\Serialization.Sml\Secs4Net.Sml.csproj", "{5CF173EE-B4B0-4E95-8A94-013FE21AE232}"
EndProject
Project("{FAE04EC0-301F-11D3-BF4B-00C04F79EFBC}") = "EAP Host", "src\EAPHost\EAP Host.csproj", "{391F9889-812D-4C32-975E-2CF9F5B456FF}"
EndProject
Project("{FAE04EC0-301F-11D3-BF4B-00C04F79EFBC}") = "CIM.Eap", "src\CIM.EAP\CIM.Eap.csproj", "{51CBED10-A51E-43A7-8370-81DE490BE207}"
EndProject
Project("{9A19103F-16F7-4668-BE54-9A1E7A4F7556}") = "Sensing.Data", "src\Sensing.Data\Sensing.Data.csproj", "{2D5A00D6-A94D-4205-912D-E3C6188573E5}"
EndProject
Project("{9A19103F-16F7-4668-BE54-9A1E7A4F7556}") = "Sensing.Entities", "src\Sensing.Entities\Sensing.Entities.csproj", "{EE727A71-5CF9-48F8-919B-CCC2BAB7F19B}"
EndProject
Project("{9A19103F-16F7-4668-BE54-9A1E7A4F7556}") = "Sensing.Services", "src\Sensing.Services\Sensing.Services.csproj", "{3705458F-51D0-4E5D-8153-6E746082B9F8}"
EndProject
Project("{9A19103F-16F7-4668-BE54-9A1E7A4F7556}") = "SensingBase", "src\SensingBase\SensingBase.csproj", "{6AD1077F-BC09-407B-8CE9-94742CDA430D}"
EndProject
Project("{9A19103F-16F7-4668-BE54-9A1E7A4F7556}") = "SIAPMCos", "src\SIAPMCos\SIAPMCos.csproj", "{52939F15-3E2C-4D00-A3AA-A3DE468FD4B9}"
EndProject
Project("{FAE04EC0-301F-11D3-BF4B-00C04F79EFBC}") = "SIAPM.Services", "src\SIAPM.Services\SIAPM.Services.csproj", "{26E34E37-F795-48CD-BAAC-022137B8A88E}"
EndProject
Global
	GlobalSection(SolutionConfigurationPlatforms) = preSolution
		Debug|Any CPU = Debug|Any CPU
		Debug|x86 = Debug|x86
		Release|Any CPU = Release|Any CPU
		Release|x86 = Release|x86
	EndGlobalSection
	GlobalSection(ProjectConfigurationPlatforms) = postSolution
		{4684DCDC-87A3-41D1-81C4-0D709FA3DFC2}.Debug|Any CPU.ActiveCfg = Debug|Any CPU
		{4684DCDC-87A3-41D1-81C4-0D709FA3DFC2}.Debug|Any CPU.Build.0 = Debug|Any CPU
		{4684DCDC-87A3-41D1-81C4-0D709FA3DFC2}.Debug|x86.ActiveCfg = Debug|Any CPU
		{4684DCDC-87A3-41D1-81C4-0D709FA3DFC2}.Debug|x86.Build.0 = Debug|Any CPU
		{4684DCDC-87A3-41D1-81C4-0D709FA3DFC2}.Release|Any CPU.ActiveCfg = Release|Any CPU
		{4684DCDC-87A3-41D1-81C4-0D709FA3DFC2}.Release|Any CPU.Build.0 = Release|Any CPU
		{4684DCDC-87A3-41D1-81C4-0D709FA3DFC2}.Release|x86.ActiveCfg = Release|Any CPU
		{4684DCDC-87A3-41D1-81C4-0D709FA3DFC2}.Release|x86.Build.0 = Release|Any CPU
		{E9985D35-F5EF-40E6-BB00-20C12F649437}.Debug|Any CPU.ActiveCfg = Debug|Any CPU
		{E9985D35-F5EF-40E6-BB00-20C12F649437}.Debug|x86.ActiveCfg = Debug|Any CPU
		{E9985D35-F5EF-40E6-BB00-20C12F649437}.Debug|x86.Build.0 = Debug|Any CPU
		{E9985D35-F5EF-40E6-BB00-20C12F649437}.Release|Any CPU.ActiveCfg = Release|Any CPU
		{E9985D35-F5EF-40E6-BB00-20C12F649437}.Release|x86.ActiveCfg = Release|Any CPU
		{E9985D35-F5EF-40E6-BB00-20C12F649437}.Release|x86.Build.0 = Release|Any CPU
		{4927736C-0179-4710-A302-93CDBF42619A}.Debug|Any CPU.ActiveCfg = Debug|Any CPU
		{4927736C-0179-4710-A302-93CDBF42619A}.Debug|x86.ActiveCfg = Debug|Any CPU
		{4927736C-0179-4710-A302-93CDBF42619A}.Release|Any CPU.ActiveCfg = Release|Any CPU
		{4927736C-0179-4710-A302-93CDBF42619A}.Release|Any CPU.Build.0 = Release|Any CPU
		{4927736C-0179-4710-A302-93CDBF42619A}.Release|x86.ActiveCfg = Release|Any CPU
		{1BBD5792-2099-4570-BB9E-C085758F9DAB}.Debug|Any CPU.ActiveCfg = Debug|Any CPU
		{1BBD5792-2099-4570-BB9E-C085758F9DAB}.Debug|x86.ActiveCfg = Debug|Any CPU
		{1BBD5792-2099-4570-BB9E-C085758F9DAB}.Release|Any CPU.ActiveCfg = Release|Any CPU
		{1BBD5792-2099-4570-BB9E-C085758F9DAB}.Release|Any CPU.Build.0 = Release|Any CPU
		{1BBD5792-2099-4570-BB9E-C085758F9DAB}.Release|x86.ActiveCfg = Release|Any CPU
		{9C11CAE5-5188-4E71-825B-68FC3135728A}.Debug|Any CPU.ActiveCfg = Debug|Any CPU
		{9C11CAE5-5188-4E71-825B-68FC3135728A}.Debug|Any CPU.Build.0 = Debug|Any CPU
		{9C11CAE5-5188-4E71-825B-68FC3135728A}.Debug|x86.ActiveCfg = Debug|Any CPU
		{9C11CAE5-5188-4E71-825B-68FC3135728A}.Release|Any CPU.ActiveCfg = Release|Any CPU
		{9C11CAE5-5188-4E71-825B-68FC3135728A}.Release|Any CPU.Build.0 = Release|Any CPU
		{9C11CAE5-5188-4E71-825B-68FC3135728A}.Release|x86.ActiveCfg = Release|Any CPU
		{7161BAD8-BB9F-4CA5-893D-66939E594AB9}.Debug|Any CPU.ActiveCfg = Debug|Any CPU
		{7161BAD8-BB9F-4CA5-893D-66939E594AB9}.Debug|Any CPU.Build.0 = Debug|Any CPU
		{7161BAD8-BB9F-4CA5-893D-66939E594AB9}.Debug|x86.ActiveCfg = Debug|Any CPU
		{7161BAD8-BB9F-4CA5-893D-66939E594AB9}.Debug|x86.Build.0 = Debug|Any CPU
		{7161BAD8-BB9F-4CA5-893D-66939E594AB9}.Release|Any CPU.ActiveCfg = Release|Any CPU
		{7161BAD8-BB9F-4CA5-893D-66939E594AB9}.Release|Any CPU.Build.0 = Release|Any CPU
		{7161BAD8-BB9F-4CA5-893D-66939E594AB9}.Release|x86.ActiveCfg = Release|Any CPU
		{7161BAD8-BB9F-4CA5-893D-66939E594AB9}.Release|x86.Build.0 = Release|Any CPU
		{2BD556C8-B7DD-44EE-8BE3-7A4786A8B1EC}.Debug|Any CPU.ActiveCfg = Debug|Any CPU
		{2BD556C8-B7DD-44EE-8BE3-7A4786A8B1EC}.Debug|Any CPU.Build.0 = Debug|Any CPU
		{2BD556C8-B7DD-44EE-8BE3-7A4786A8B1EC}.Debug|x86.ActiveCfg = Debug|Any CPU
		{2BD556C8-B7DD-44EE-8BE3-7A4786A8B1EC}.Debug|x86.Build.0 = Debug|Any CPU
		{2BD556C8-B7DD-44EE-8BE3-7A4786A8B1EC}.Release|Any CPU.ActiveCfg = Release|Any CPU
		{2BD556C8-B7DD-44EE-8BE3-7A4786A8B1EC}.Release|Any CPU.Build.0 = Release|Any CPU
		{2BD556C8-B7DD-44EE-8BE3-7A4786A8B1EC}.Release|x86.ActiveCfg = Release|Any CPU
		{2BD556C8-B7DD-44EE-8BE3-7A4786A8B1EC}.Release|x86.Build.0 = Release|Any CPU
		{3A4F4365-6236-4E93-A6C4-4CDB641BA7F4}.Debug|Any CPU.ActiveCfg = Debug|Any CPU
		{3A4F4365-6236-4E93-A6C4-4CDB641BA7F4}.Debug|Any CPU.Build.0 = Debug|Any CPU
		{3A4F4365-6236-4E93-A6C4-4CDB641BA7F4}.Debug|x86.ActiveCfg = Debug|Any CPU
		{3A4F4365-6236-4E93-A6C4-4CDB641BA7F4}.Debug|x86.Build.0 = Debug|Any CPU
		{3A4F4365-6236-4E93-A6C4-4CDB641BA7F4}.Release|Any CPU.ActiveCfg = Release|Any CPU
		{3A4F4365-6236-4E93-A6C4-4CDB641BA7F4}.Release|Any CPU.Build.0 = Release|Any CPU
		{3A4F4365-6236-4E93-A6C4-4CDB641BA7F4}.Release|x86.ActiveCfg = Release|Any CPU
		{3A4F4365-6236-4E93-A6C4-4CDB641BA7F4}.Release|x86.Build.0 = Release|Any CPU
		{C5E013AA-A7A2-43DD-99A8-05B77AD4BA31}.Debug|Any CPU.ActiveCfg = Debug|Any CPU
		{C5E013AA-A7A2-43DD-99A8-05B77AD4BA31}.Debug|Any CPU.Build.0 = Debug|Any CPU
		{C5E013AA-A7A2-43DD-99A8-05B77AD4BA31}.Debug|x86.ActiveCfg = Debug|Any CPU
		{C5E013AA-A7A2-43DD-99A8-05B77AD4BA31}.Debug|x86.Build.0 = Debug|Any CPU
		{C5E013AA-A7A2-43DD-99A8-05B77AD4BA31}.Release|Any CPU.ActiveCfg = Release|Any CPU
		{C5E013AA-A7A2-43DD-99A8-05B77AD4BA31}.Release|Any CPU.Build.0 = Release|Any CPU
		{C5E013AA-A7A2-43DD-99A8-05B77AD4BA31}.Release|x86.ActiveCfg = Release|Any CPU
		{C5E013AA-A7A2-43DD-99A8-05B77AD4BA31}.Release|x86.Build.0 = Release|Any CPU
		{2656C1EB-3C0A-49C2-9939-E6AF1EE0D779}.Debug|Any CPU.ActiveCfg = Debug|Any CPU
		{2656C1EB-3C0A-49C2-9939-E6AF1EE0D779}.Debug|Any CPU.Build.0 = Debug|Any CPU
		{2656C1EB-3C0A-49C2-9939-E6AF1EE0D779}.Debug|x86.ActiveCfg = Debug|Any CPU
		{2656C1EB-3C0A-49C2-9939-E6AF1EE0D779}.Debug|x86.Build.0 = Debug|Any CPU
		{2656C1EB-3C0A-49C2-9939-E6AF1EE0D779}.Release|Any CPU.ActiveCfg = Release|Any CPU
		{2656C1EB-3C0A-49C2-9939-E6AF1EE0D779}.Release|Any CPU.Build.0 = Release|Any CPU
		{2656C1EB-3C0A-49C2-9939-E6AF1EE0D779}.Release|x86.ActiveCfg = Release|Any CPU
		{2656C1EB-3C0A-49C2-9939-E6AF1EE0D779}.Release|x86.Build.0 = Release|Any CPU
		{59051814-2815-47E0-80D0-2EF740C3B65F}.Debug|Any CPU.ActiveCfg = Debug|Any CPU
		{59051814-2815-47E0-80D0-2EF740C3B65F}.Debug|Any CPU.Build.0 = Debug|Any CPU
		{59051814-2815-47E0-80D0-2EF740C3B65F}.Debug|x86.ActiveCfg = Debug|Any CPU
		{59051814-2815-47E0-80D0-2EF740C3B65F}.Debug|x86.Build.0 = Debug|Any CPU
		{59051814-2815-47E0-80D0-2EF740C3B65F}.Release|Any CPU.ActiveCfg = Release|Any CPU
		{59051814-2815-47E0-80D0-2EF740C3B65F}.Release|Any CPU.Build.0 = Release|Any CPU
		{59051814-2815-47E0-80D0-2EF740C3B65F}.Release|x86.ActiveCfg = Release|Any CPU
		{59051814-2815-47E0-80D0-2EF740C3B65F}.Release|x86.Build.0 = Release|Any CPU
		{5CF173EE-B4B0-4E95-8A94-013FE21AE232}.Debug|Any CPU.ActiveCfg = Debug|Any CPU
		{5CF173EE-B4B0-4E95-8A94-013FE21AE232}.Debug|Any CPU.Build.0 = Debug|Any CPU
		{5CF173EE-B4B0-4E95-8A94-013FE21AE232}.Debug|x86.ActiveCfg = Debug|Any CPU
		{5CF173EE-B4B0-4E95-8A94-013FE21AE232}.Debug|x86.Build.0 = Debug|Any CPU
		{5CF173EE-B4B0-4E95-8A94-013FE21AE232}.Release|Any CPU.ActiveCfg = Release|Any CPU
		{5CF173EE-B4B0-4E95-8A94-013FE21AE232}.Release|Any CPU.Build.0 = Release|Any CPU
		{5CF173EE-B4B0-4E95-8A94-013FE21AE232}.Release|x86.ActiveCfg = Release|Any CPU
		{5CF173EE-B4B0-4E95-8A94-013FE21AE232}.Release|x86.Build.0 = Release|Any CPU
		{391F9889-812D-4C32-975E-2CF9F5B456FF}.Debug|Any CPU.ActiveCfg = Debug|Any CPU
		{391F9889-812D-4C32-975E-2CF9F5B456FF}.Debug|Any CPU.Build.0 = Debug|Any CPU
		{391F9889-812D-4C32-975E-2CF9F5B456FF}.Debug|x86.ActiveCfg = Debug|x86
		{391F9889-812D-4C32-975E-2CF9F5B456FF}.Debug|x86.Build.0 = Debug|x86
		{391F9889-812D-4C32-975E-2CF9F5B456FF}.Release|Any CPU.ActiveCfg = Release|Any CPU
		{391F9889-812D-4C32-975E-2CF9F5B456FF}.Release|Any CPU.Build.0 = Release|Any CPU
		{391F9889-812D-4C32-975E-2CF9F5B456FF}.Release|x86.ActiveCfg = Release|x86
		{391F9889-812D-4C32-975E-2CF9F5B456FF}.Release|x86.Build.0 = Release|x86
		{51CBED10-A51E-43A7-8370-81DE490BE207}.Debug|Any CPU.ActiveCfg = Debug|Any CPU
		{51CBED10-A51E-43A7-8370-81DE490BE207}.Debug|Any CPU.Build.0 = Debug|Any CPU
		{51CBED10-A51E-43A7-8370-81DE490BE207}.Debug|x86.ActiveCfg = Debug|x86
		{51CBED10-A51E-43A7-8370-81DE490BE207}.Debug|x86.Build.0 = Debug|x86
		{51CBED10-A51E-43A7-8370-81DE490BE207}.Release|Any CPU.ActiveCfg = Release|Any CPU
		{51CBED10-A51E-43A7-8370-81DE490BE207}.Release|Any CPU.Build.0 = Release|Any CPU
		{51CBED10-A51E-43A7-8370-81DE490BE207}.Release|x86.ActiveCfg = Release|x86
		{51CBED10-A51E-43A7-8370-81DE490BE207}.Release|x86.Build.0 = Release|x86
		{2D5A00D6-A94D-4205-912D-E3C6188573E5}.Debug|Any CPU.ActiveCfg = Debug|Any CPU
		{2D5A00D6-A94D-4205-912D-E3C6188573E5}.Debug|Any CPU.Build.0 = Debug|Any CPU
		{2D5A00D6-A94D-4205-912D-E3C6188573E5}.Debug|x86.ActiveCfg = Debug|Any CPU
		{2D5A00D6-A94D-4205-912D-E3C6188573E5}.Debug|x86.Build.0 = Debug|Any CPU
		{2D5A00D6-A94D-4205-912D-E3C6188573E5}.Release|Any CPU.ActiveCfg = Release|Any CPU
		{2D5A00D6-A94D-4205-912D-E3C6188573E5}.Release|Any CPU.Build.0 = Release|Any CPU
		{2D5A00D6-A94D-4205-912D-E3C6188573E5}.Release|x86.ActiveCfg = Release|Any CPU
		{2D5A00D6-A94D-4205-912D-E3C6188573E5}.Release|x86.Build.0 = Release|Any CPU
		{EE727A71-5CF9-48F8-919B-CCC2BAB7F19B}.Debug|Any CPU.ActiveCfg = Debug|Any CPU
		{EE727A71-5CF9-48F8-919B-CCC2BAB7F19B}.Debug|Any CPU.Build.0 = Debug|Any CPU
		{EE727A71-5CF9-48F8-919B-CCC2BAB7F19B}.Debug|x86.ActiveCfg = Debug|Any CPU
		{EE727A71-5CF9-48F8-919B-CCC2BAB7F19B}.Debug|x86.Build.0 = Debug|Any CPU
		{EE727A71-5CF9-48F8-919B-CCC2BAB7F19B}.Release|Any CPU.ActiveCfg = Release|Any CPU
		{EE727A71-5CF9-48F8-919B-CCC2BAB7F19B}.Release|Any CPU.Build.0 = Release|Any CPU
		{EE727A71-5CF9-48F8-919B-CCC2BAB7F19B}.Release|x86.ActiveCfg = Release|Any CPU
		{EE727A71-5CF9-48F8-919B-CCC2BAB7F19B}.Release|x86.Build.0 = Release|Any CPU
		{3705458F-51D0-4E5D-8153-6E746082B9F8}.Debug|Any CPU.ActiveCfg = Debug|Any CPU
		{3705458F-51D0-4E5D-8153-6E746082B9F8}.Debug|Any CPU.Build.0 = Debug|Any CPU
		{3705458F-51D0-4E5D-8153-6E746082B9F8}.Debug|x86.ActiveCfg = Debug|Any CPU
		{3705458F-51D0-4E5D-8153-6E746082B9F8}.Debug|x86.Build.0 = Debug|Any CPU
		{3705458F-51D0-4E5D-8153-6E746082B9F8}.Release|Any CPU.ActiveCfg = Release|Any CPU
		{3705458F-51D0-4E5D-8153-6E746082B9F8}.Release|Any CPU.Build.0 = Release|Any CPU
		{3705458F-51D0-4E5D-8153-6E746082B9F8}.Release|x86.ActiveCfg = Release|Any CPU
		{3705458F-51D0-4E5D-8153-6E746082B9F8}.Release|x86.Build.0 = Release|Any CPU
		{6AD1077F-BC09-407B-8CE9-94742CDA430D}.Debug|Any CPU.ActiveCfg = Debug|Any CPU
		{6AD1077F-BC09-407B-8CE9-94742CDA430D}.Debug|Any CPU.Build.0 = Debug|Any CPU
		{6AD1077F-BC09-407B-8CE9-94742CDA430D}.Debug|x86.ActiveCfg = Debug|Any CPU
		{6AD1077F-BC09-407B-8CE9-94742CDA430D}.Debug|x86.Build.0 = Debug|Any CPU
		{6AD1077F-BC09-407B-8CE9-94742CDA430D}.Release|Any CPU.ActiveCfg = Release|Any CPU
		{6AD1077F-BC09-407B-8CE9-94742CDA430D}.Release|Any CPU.Build.0 = Release|Any CPU
		{6AD1077F-BC09-407B-8CE9-94742CDA430D}.Release|x86.ActiveCfg = Release|Any CPU
		{6AD1077F-BC09-407B-8CE9-94742CDA430D}.Release|x86.Build.0 = Release|Any CPU
		{52939F15-3E2C-4D00-A3AA-A3DE468FD4B9}.Debug|Any CPU.ActiveCfg = Debug|Any CPU
		{52939F15-3E2C-4D00-A3AA-A3DE468FD4B9}.Debug|Any CPU.Build.0 = Debug|Any CPU
		{52939F15-3E2C-4D00-A3AA-A3DE468FD4B9}.Debug|x86.ActiveCfg = Debug|Any CPU
		{52939F15-3E2C-4D00-A3AA-A3DE468FD4B9}.Debug|x86.Build.0 = Debug|Any CPU
		{52939F15-3E2C-4D00-A3AA-A3DE468FD4B9}.Release|Any CPU.ActiveCfg = Release|Any CPU
		{52939F15-3E2C-4D00-A3AA-A3DE468FD4B9}.Release|Any CPU.Build.0 = Release|Any CPU
		{52939F15-3E2C-4D00-A3AA-A3DE468FD4B9}.Release|x86.ActiveCfg = Release|Any CPU
		{52939F15-3E2C-4D00-A3AA-A3DE468FD4B9}.Release|x86.Build.0 = Release|Any CPU
		{26E34E37-F795-48CD-BAAC-022137B8A88E}.Debug|Any CPU.ActiveCfg = Debug|Any CPU
		{26E34E37-F795-48CD-BAAC-022137B8A88E}.Debug|Any CPU.Build.0 = Debug|Any CPU
		{26E34E37-F795-48CD-BAAC-022137B8A88E}.Debug|x86.ActiveCfg = Debug|Any CPU
		{26E34E37-F795-48CD-BAAC-022137B8A88E}.Debug|x86.Build.0 = Debug|Any CPU
		{26E34E37-F795-48CD-BAAC-022137B8A88E}.Release|Any CPU.ActiveCfg = Release|Any CPU
		{26E34E37-F795-48CD-BAAC-022137B8A88E}.Release|Any CPU.Build.0 = Release|Any CPU
		{26E34E37-F795-48CD-BAAC-022137B8A88E}.Release|x86.ActiveCfg = Release|Any CPU
		{26E34E37-F795-48CD-BAAC-022137B8A88E}.Release|x86.Build.0 = Release|Any CPU
	EndGlobalSection
	GlobalSection(SolutionProperties) = preSolution
		HideSolutionNode = FALSE
	EndGlobalSection
	GlobalSection(NestedProjects) = preSolution
		{4684DCDC-87A3-41D1-81C4-0D709FA3DFC2} = {33A08341-664D-4896-BABB-582C40FBD717}
		{E9985D35-F5EF-40E6-BB00-20C12F649437} = {33A08341-664D-4896-BABB-582C40FBD717}
		{4927736C-0179-4710-A302-93CDBF42619A} = {9516066E-A4A0-432D-BBAC-1F906FA32668}
		{1BBD5792-2099-4570-BB9E-C085758F9DAB} = {9516066E-A4A0-432D-BBAC-1F906FA32668}
		{9C11CAE5-5188-4E71-825B-68FC3135728A} = {33A08341-664D-4896-BABB-582C40FBD717}
		{7161BAD8-BB9F-4CA5-893D-66939E594AB9} = {33A08341-664D-4896-BABB-582C40FBD717}
		{2BD556C8-B7DD-44EE-8BE3-7A4786A8B1EC} = {33A08341-664D-4896-BABB-582C40FBD717}
		{3A4F4365-6236-4E93-A6C4-4CDB641BA7F4} = {33A08341-664D-4896-BABB-582C40FBD717}
		{C5E013AA-A7A2-43DD-99A8-05B77AD4BA31} = {33A08341-664D-4896-BABB-582C40FBD717}
		{2656C1EB-3C0A-49C2-9939-E6AF1EE0D779} = {33A08341-664D-4896-BABB-582C40FBD717}
		{59051814-2815-47E0-80D0-2EF740C3B65F} = {33A08341-664D-4896-BABB-582C40FBD717}
		{5CF173EE-B4B0-4E95-8A94-013FE21AE232} = {33A08341-664D-4896-BABB-582C40FBD717}
		{391F9889-812D-4C32-975E-2CF9F5B456FF} = {33A08341-664D-4896-BABB-582C40FBD717}
		{51CBED10-A51E-43A7-8370-81DE490BE207} = {33A08341-664D-4896-BABB-582C40FBD717}
		{2D5A00D6-A94D-4205-912D-E3C6188573E5} = {33A08341-664D-4896-BABB-582C40FBD717}
		{EE727A71-5CF9-48F8-919B-CCC2BAB7F19B} = {33A08341-664D-4896-BABB-582C40FBD717}
		{3705458F-51D0-4E5D-8153-6E746082B9F8} = {33A08341-664D-4896-BABB-582C40FBD717}
		{6AD1077F-BC09-407B-8CE9-94742CDA430D} = {33A08341-664D-4896-BABB-582C40FBD717}
		{52939F15-3E2C-4D00-A3AA-A3DE468FD4B9} = {33A08341-664D-4896-BABB-582C40FBD717}
		{26E34E37-F795-48CD-BAAC-022137B8A88E} = {33A08341-664D-4896-BABB-582C40FBD717}
	EndGlobalSection
	GlobalSection(ExtensibilityGlobals) = postSolution
		SolutionGuid = {458C5B8C-7C26-448B-9829-EF3B28E88751}
	EndGlobalSection
EndGlobal
